
Microsoft Visual Studio Solution File, Format Version 12.00
# Visual Studio Version 17
VisualStudioVersion = 17.13.35825.156 d17.13
MinimumVisualStudioVersion = 10.0.40219.1
Project("{FAE04EC0-301F-11D3-BF4B-00C04F79EFBC}") = "BulkyWeb", "BulkyWeb\BulkyWeb.csproj", "{976D724E-2A4A-4294-83A9-11208203C650}"
EndProject
Global
	GlobalSection(SolutionConfigurationPlatforms) = preSolution
		Debug|Any CPU = Debug|Any CPU
		Release|Any CPU = Release|Any CPU
	EndGlobalSection
	GlobalSection(ProjectConfigurationPlatforms) = postSolution
		{976D724E-2A4A-4294-83A9-11208203C650}.Debug|Any CPU.ActiveCfg = Debug|Any CPU
		{976D724E-2A4A-4294-83A9-11208203C650}.Debug|Any CPU.Build.0 = Debug|Any CPU
		{976D724E-2A4A-4294-83A9-11208203C650}.Release|Any CPU.ActiveCfg = Release|Any CPU
		{976D724E-2A4A-4294-83A9-11208203C650}.Release|Any CPU.Build.0 = Release|Any CPU
	EndGlobalSection
	GlobalSection(SolutionProperties) = preSolution
		HideSolutionNode = FALSE
	EndGlobalSection
	GlobalSection(ExtensibilityGlobals) = postSolution
		SolutionGuid = {95D96C46-7AE5-4DC2-BD56-2CFAEA65D486}
	EndGlobalSection
EndGlobal
